{
  "requires": true,
  "lockfileVersion": 1,
  "dependencies": {
    "uikit": {
      "version": "3.3.0",
      "resolved": "https://registry.npmjs.org/uikit/-/uikit-3.3.0.tgz",
      "integrity": "sha512-NQ9fYX+ZCp6RC1ixEZWq59QFrs+PvmnquGia0p7wAb94FHE8baRkyLpURGQMQZsabWE4xgnL+tpKSG6DTAf35A=="
    }
  }
}
